
Microsoft Visual Studio Solution File, Format Version 12.00
# Visual Studio 15
VisualStudioVersion = 15.0.27130.2027
MinimumVisualStudioVersion = 10.0.40219.1
Project("{9A19103F-16F7-4668-BE54-9A1E7A4F7556}") = "BingImageSearch.Web", "BingImageSearch\BingImageSearch.Web.csproj", "{F77AC332-5A40-4CED-B36F-7485566DE8FD}"
EndProject
Global
	GlobalSection(SolutionConfigurationPlatforms) = preSolution
		Debug|Any CPU = Debug|Any CPU
		Release|Any CPU = Release|Any CPU
	EndGlobalSection
	GlobalSection(ProjectConfigurationPlatforms) = postSolution
		{F77AC332-5A40-4CED-B36F-7485566DE8FD}.Debug|Any CPU.ActiveCfg = Debug|Any CPU
		{F77AC332-5A40-4CED-B36F-7485566DE8FD}.Debug|Any CPU.Build.0 = Debug|Any CPU
		{F77AC332-5A40-4CED-B36F-7485566DE8FD}.Release|Any CPU.ActiveCfg = Release|Any CPU
		{F77AC332-5A40-4CED-B36F-7485566DE8FD}.Release|Any CPU.Build.0 = Release|Any CPU
	EndGlobalSection
	GlobalSection(SolutionProperties) = preSolution
		HideSolutionNode = FALSE
	EndGlobalSection
	GlobalSection(ExtensibilityGlobals) = postSolution
		SolutionGuid = {C1538DC2-303A-4356-A7B3-6B90823E2C3F}
	EndGlobalSection
EndGlobal
